
Microsoft Visual Studio Solution File, Format Version 12.00
# Visual Studio Version 17
VisualStudioVersion = 17.3.32825.248
MinimumVisualStudioVersion = 10.0.40219.1
Project("{FAE04EC0-301F-11D3-BF4B-00C04F79EFBC}") = "Lab8_OOP", "Lab8_OOP\Lab8_OOP.csproj", "{8D0ECC46-C9B8-4C8B-AD2F-34FCC1254241}"
EndProject
Global
	GlobalSection(SolutionConfigurationPlatforms) = preSolution
		Debug|Any CPU = Debug|Any CPU
		Release|Any CPU = Release|Any CPU
	EndGlobalSection
	GlobalSection(ProjectConfigurationPlatforms) = postSolution
		{8D0ECC46-C9B8-4C8B-AD2F-34FCC1254241}.Debug|Any CPU.ActiveCfg = Debug|Any CPU
		{8D0ECC46-C9B8-4C8B-AD2F-34FCC1254241}.Debug|Any CPU.Build.0 = Debug|Any CPU
		{8D0ECC46-C9B8-4C8B-AD2F-34FCC1254241}.Release|Any CPU.ActiveCfg = Release|Any CPU
		{8D0ECC46-C9B8-4C8B-AD2F-34FCC1254241}.Release|Any CPU.Build.0 = Release|Any CPU
	EndGlobalSection
	GlobalSection(SolutionProperties) = preSolution
		HideSolutionNode = FALSE
	EndGlobalSection
	GlobalSection(ExtensibilityGlobals) = postSolution
		SolutionGuid = {6F2270F8-38DF-4A92-AA50-DABE19B82203}
	EndGlobalSection
EndGlobal
